// !$*UTF8*$!
{
	archiveVersion = 1;
	classes = {
	};
	objectVersion = 46;
	objects = {

/* Begin PBXBuildFile section */
		A79C97B51CFC97910039F77A /* AppDelegate.swift in Sources */ = {isa = PBXBuildFile; fileRef = A79C97B41CFC97910039F77A /* AppDelegate.swift */; };
		A79C97B71CFC97910039F77A /* ViewController.swift in Sources */ = {isa = PBXBuildFile; fileRef = A79C97B61CFC97910039F77A /* ViewController.swift */; };
		A79C97BA1CFC97910039F77A /* Main.storyboard in Resources */ = {isa = PBXBuildFile; fileRef = A79C97B81CFC97910039F77A /* Main.storyboard */; };
		A79C97BC1CFC97910039F77A /* Assets.xcassets in Resources */ = {isa = PBXBuildFile; fileRef = A79C97BB1CFC97910039F77A /* Assets.xcassets */; };
		A79C97BF1CFC97910039F77A /* LaunchScreen.storyboard in Resources */ = {isa = PBXBuildFile; fileRef = A79C97BD1CFC97910039F77A /* LaunchScreen.storyboard */; };
		A79C97C81CFC98D80039F77A /* FaceView.swift in Sources */ = {isa = PBXBuildFile; fileRef = A79C97C71CFC98D80039F77A /* FaceView.swift */; };
		A7A24C341CFDDF8B0076D849 /* FacialExpression.swift in Sources */ = {isa = PBXBuildFile; fileRef = A7A24C331CFDDF8B0076D849 /* FacialExpression.swift */; };
		A7B529561CFF0F410081D285 /* EmotionsViewController.swift in Sources */ = {isa = PBXBuildFile; fileRef = A7B529551CFF0F410081D285 /* EmotionsViewController.swift */; };
/* End PBXBuildFile section */

/* Begin PBXFileReference section */
		A79C97B11CFC97910039F77A /* FaceIt.app */ = {isa = PBXFileReference; explicitFileType = wrapper.application; includeInIndex = 0; path = FaceIt.app; sourceTree = BUILT_PRODUCTS_DIR; };
		A79C97B41CFC97910039F77A /* AppDelegate.swift */ = {isa = PBXFileReference; lastKnownFileType = sourcecode.swift; path = AppDelegate.swift; sourceTree = "<group>"; };
		A79C97B61CFC97910039F77A /* ViewController.swift */ = {isa = PBXFileReference; lastKnownFileType = sourcecode.swift; path = ViewController.swift; sourceTree = "<group>"; };
		A79C97B91CFC97910039F77A /* Base */ = {isa = PBXFileReference; lastKnownFileType = file.storyboard; name = Base; path = Base.lproj/Main.storyboard; sourceTree = "<group>"; };
		A79C97BB1CFC97910039F77A /* Assets.xcassets */ = {isa = PBXFileReference; lastKnownFileType = folder.assetcatalog; path = Assets.xcassets; sourceTree = "<group>"; };
		A79C97BE1CFC97910039F77A /* Base */ = {isa = PBXFileReference; lastKnownFileType = file.storyboard; name = Base; path = Base.lproj/LaunchScreen.storyboard; sourceTree = "<group>"; };
		A79C97C01CFC97910039F77A /* Info.plist */ = {isa = PBXFileReference; lastKnownFileType = text.plist.xml; path = Info.plist; sourceTree = "<group>"; };
		A79C97C71CFC98D80039F77A /* FaceView.swift */ = {isa = PBXFileReference; fileEncoding = 4; lastKnownFileType = sourcecode.swift; path = FaceView.swift; sourceTree = "<group>"; };
		A7A24C331CFDDF8B0076D849 /* FacialExpression.swift */ = {isa = PBXFileReference; fileEncoding = 4; lastKnownFileType = sourcecode.swift; path = FacialExpression.swift; sourceTree = "<group>"; };
		A7B529551CFF0F410081D285 /* EmotionsViewController.swift */ = {isa = PBXFileReference; fileEncoding = 4; lastKnownFileType = sourcecode.swift; path = EmotionsViewController.swift; sourceTree = "<group>"; };
/* End PBXFileReference section */

/* Begin PBXFrameworksBuildPhase section */
		A79C97AE1CFC97910039F77A /* Frameworks */ = {
			isa = PBXFrameworksBuildPhase;
			buildActionMask = 2147483647;
			files = (
			);
			runOnlyForDeploymentPostprocessing = 0;
		};
/* End PBXFrameworksBuildPhase section */

/* Begin PBXGroup section */
		A79C97A81CFC97910039F77A = {
			isa = PBXGroup;
			children = (
				A79C97B31CFC97910039F77A /* FaceIt */,
				A79C97B21CFC97910039F77A /* Products */,
			);
			sourceTree = "<group>";
		};
		A79C97B21CFC97910039F77A /* Products */ = {
			isa = PBXGroup;
			children = (
				A79C97B11CFC97910039F77A /* FaceIt.app */,
			);
			name = Products;
			sourceTree = "<group>";
		};
		A79C97B31CFC97910039F77A /* FaceIt */ = {
			isa = PBXGroup;
			children = (
				A79C97C61CFC97A50039F77A /* Supporting Files */,
				A79C97C71CFC98D80039F77A /* FaceView.swift */,
				A7B529551CFF0F410081D285 /* EmotionsViewController.swift */,
				A79C97B61CFC97910039F77A /* ViewController.swift */,
				A7A24C331CFDDF8B0076D849 /* FacialExpression.swift */,
				A79C97B81CFC97910039F77A /* Main.storyboard */,
			);
			path = FaceIt;
			sourceTree = "<group>";
		};
		A79C97C61CFC97A50039F77A /* Supporting Files */ = {
			isa = PBXGroup;
			children = (
				A79C97B41CFC97910039F77A /* AppDelegate.swift */,
				A79C97BB1CFC97910039F77A /* Assets.xcassets */,
				A79C97BD1CFC97910039F77A /* LaunchScreen.storyboard */,
				A79C97C01CFC97910039F77A /* Info.plist */,
			);
			name = "Supporting Files";
			sourceTree = "<group>";
		};
/* End PBXGroup section */

/* Begin PBXNativeTarget section */
		A79C97B01CFC97910039F77A /* FaceIt */ = {
			isa = PBXNativeTarget;
			buildConfigurationList = A79C97C31CFC97910039F77A /* Build configuration list for PBXNativeTarget "FaceIt" */;
			buildPhases = (
				A79C97AD1CFC97910039F77A /* Sources */,
				A79C97AE1CFC97910039F77A /* Frameworks */,
				A79C97AF1CFC97910039F77A /* Resources */,
			);
			buildRules = (
			);
			dependencies = (
			);
			name = FaceIt;
			productName = FaceIt;
			productReference = A79C97B11CFC97910039F77A /* FaceIt.app */;
			productType = "com.apple.product-type.application";
		};
/* End PBXNativeTarget section */

/* Begin PBXProject section */
		A79C97A91CFC97910039F77A /* Project object */ = {
			isa = PBXProject;
			attributes = {
				LastSwiftUpdateCheck = 0720;
				LastUpgradeCheck = 0720;
				ORGANIZATIONNAME = hejia;
				TargetAttributes = {
					A79C97B01CFC97910039F77A = {
						CreatedOnToolsVersion = 7.2.1;
					};
				};
			};
			buildConfigurationList = A79C97AC1CFC97910039F77A /* Build configuration list for PBXProject "FaceIt" */;
			compatibilityVersion = "Xcode 3.2";
			developmentRegion = English;
			hasScannedForEncodings = 0;
			knownRegions = (
				en,
				Base,
			);
			mainGroup = A79C97A81CFC97910039F77A;
			productRefGroup = A79C97B21CFC97910039F77A /* Products */;
			projectDirPath = "";
			projectRoot = "";
			targets = (
				A79C97B01CFC97910039F77A /* FaceIt */,
			);
		};
/* End PBXProject section */

/* Begin PBXResourcesBuildPhase section */
		A79C97AF1CFC97910039F77A /* Resources */ = {
			isa = PBXResourcesBuildPhase;
			buildActionMask = 2147483647;
			files = (
				A79C97BF1CFC97910039F77A /* LaunchScreen.storyboard in Resources */,
				A79C97BC1CFC97910039F77A /* Assets.xcassets in Resources */,
				A79C97BA1CFC97910039F77A /* Main.storyboard in Resources */,
			);
			runOnlyForDeploymentPostprocessing = 0;
		};
/* End PBXResourcesBuildPhase section */

/* Begin PBXSourcesBuildPhase section */
		A79C97AD1CFC97910039F77A /* Sources */ = {
			isa = PBXSourcesBuildPhase;
			buildActionMask = 2147483647;
			files = (
				A79C97B71CFC97910039F77A /* ViewController.swift in Sources */,
				A7A24C341CFDDF8B0076D849 /* FacialExpression.swift in Sources */,
				A7B529561CFF0F410081D285 /* EmotionsViewController.swift in Sources */,
				A79C97B51CFC97910039F77A /* AppDelegate.swift in Sources */,
				A79C97C81CFC98D80039F77A /* FaceView.swift in Sources */,
			);
			runOnlyForDeploymentPostprocessing = 0;
		};
/* End PBXSourcesBuildPhase section */

/* Begin PBXVariantGroup section */
		A79C97B81CFC97910039F77A /* Main.storyboard */ = {
			isa = PBXVariantGroup;
			children = (
				A79C97B91CFC97910039F77A /* Base */,
			);
			name = Main.storyboard;
			sourceTree = "<group>";
		};
		A79C97BD1CFC97910039F77A /* LaunchScreen.storyboard */ = {
			isa = PBXVariantGroup;
			children = (
				A79C97BE1CFC97910039F77A /* Base */,
			);
			name = LaunchScreen.storyboard;
			sourceTree = "<group>";
		};
/* End PBXVariantGroup section */

/* Begin XCBuildConfiguration section */
		A79C97C11CFC97910039F77A /* Debug */ = {
			isa = XCBuildConfiguration;
			buildSettings = {
				ALWAYS_SEARCH_USER_PATHS = NO;
				CLANG_CXX_LANGUAGE_STANDARD = "gnu++0x";
				CLANG_CXX_LIBRARY = "libc++";
				CLANG_ENABLE_MODULES = YES;
				CLANG_ENABLE_OBJC_ARC = YES;
				CLANG_WARN_BOOL_CONVERSION = YES;
				CLANG_WARN_CONSTANT_CONVERSION = YES;
				CLANG_WARN_DIRECT_OBJC_ISA_USAGE = YES_ERROR;
				CLANG_WARN_EMPTY_BODY = YES;
				CLANG_WARN_ENUM_CONVERSION = YES;
				CLANG_WARN_INT_CONVERSION = YES;
				CLANG_WARN_OBJC_ROOT_CLASS = YES_ERROR;
				CLANG_WARN_UNREACHABLE_CODE = YES;
				CLANG_WARN__DUPLICATE_METHOD_MATCH = YES;
				"CODE_SIGN_IDENTITY[sdk=iphoneos*]" = "iPhone Developer";
				COPY_PHASE_STRIP = NO;
				DEBUG_INFORMATION_FORMAT = dwarf;
				ENABLE_STRICT_OBJC_MSGSEND = YES;
				ENABLE_TESTABILITY = YES;
				GCC_C_LANGUAGE_STANDARD = gnu99;
				GCC_DYNAMIC_NO_PIC = NO;
				GCC_NO_COMMON_BLOCKS = YES;
				GCC_OPTIMIZATION_LEVEL = 0;
				GCC_PREPROCESSOR_DEFINITIONS = (
					"DEBUG=1",
					"$(inherited)",
				);
				GCC_WARN_64_TO_32_BIT_CONVERSION = YES;
				GCC_WARN_ABOUT_RETURN_TYPE = YES_ERROR;
				GCC_WARN_UNDECLARED_SELECTOR = YES;
				GCC_WARN_UNINITIALIZED_AUTOS = YES_AGGRESSIVE;
				GCC_WARN_UNUSED_FUNCTION = YES;
				GCC_WARN_UNUSED_VARIABLE = YES;
				IPHONEOS_DEPLOYMENT_TARGET = 9.2;
				MTL_ENABLE_DEBUG_INFO = YES;
				ONLY_ACTIVE_ARCH = YES;
				SDKROOT = iphoneos;
				SWIFT_OPTIMIZATION_LEVEL = "-Onone";
				TARGETED_DEVICE_FAMILY = "1,2";
			};
			name = Debug;
		};
		A79C97C21CFC97910039F77A /* Release */ = {
			isa = XCBuildConfiguration;
			buildSettings = {
				ALWAYS_SEARCH_USER_PATHS = NO;
				CLANG_CXX_LANGUAGE_STANDARD = "gnu++0x";
				CLANG_CXX_LIBRARY = "libc++";
				CLANG_ENABLE_MODULES = YES;
				CLANG_ENABLE_OBJC_ARC = YES;
				CLANG_WARN_BOOL_CONVERSION = YES;
				CLANG_WARN_CONSTANT_CONVERSION = YES;
				CLANG_WARN_DIRECT_OBJC_ISA_USAGE = YES_ERROR;
				CLANG_WARN_EMPTY_BODY = YES;
				CLANG_WARN_ENUM_CONVERSION = YES;
				CLANG_WARN_INT_CONVERSION = YES;
				CLANG_WARN_OBJC_ROOT_CLASS = YES_ERROR;
				CLANG_WARN_UNREACHABLE_CODE = YES;
				CLANG_WARN__DUPLICATE_METHOD_MATCH = YES;
				"CODE_SIGN_IDENTITY[sdk=iphoneos*]" = "iPhone Developer";
				COPY_PHASE_STRIP = NO;
				DEBUG_INFORMATION_FORMAT = "dwarf-with-dsym";
				ENABLE_NS_ASSERTIONS = NO;
				ENABLE_STRICT_OBJC_MSGSEND = YES;
				GCC_C_LANGUAGE_STANDARD = gnu99;
				GCC_NO_COMMON_BLOCKS = YES;
				GCC_WARN_64_TO_32_BIT_CONVERSION = YES;
				GCC_WARN_ABOUT_RETURN_TYPE = YES_ERROR;
				GCC_WARN_UNDECLARED_SELECTOR = YES;
				GCC_WARN_UNINITIALIZED_AUTOS = YES_AGGRESSIVE;
				GCC_WARN_UNUSED_FUNCTION = YES;
				GCC_WARN_UNUSED_VARIABLE = YES;
				IPHONEOS_DEPLOYMENT_TARGET = 9.2;
				MTL_ENABLE_DEBUG_INFO = NO;
				SDKROOT = iphoneos;
				TARGETED_DEVICE_FAMILY = "1,2";
				VALIDATE_PRODUCT = YES;
			};
			name = Release;
		};
		A79C97C41CFC97910039F77A /* Debug */ = {
			isa = XCBuildConfiguration;
			buildSettings = {
				ASSETCATALOG_COMPILER_APPICON_NAME = AppIcon;
				INFOPLIST_FILE = FaceIt/Info.plist;
				LD_RUNPATH_SEARCH_PATHS = "$(inherited) @executable_path/Frameworks";
				PRODUCT_BUNDLE_IDENTIFIER = hejia.FaceIt;
				PRODUCT_NAME = "$(TARGET_NAME)";
			};
			name = Debug;
		};
		A79C97C51CFC97910039F77A /* Release */ = {
			isa = XCBuildConfiguration;
			buildSettings = {
				ASSETCATALOG_COMPILER_APPICON_NAME = AppIcon;
				INFOPLIST_FILE = FaceIt/Info.plist;
				LD_RUNPATH_SEARCH_PATHS = "$(inherited) @executable_path/Frameworks";
				PRODUCT_BUNDLE_IDENTIFIER = hejia.FaceIt;
				PRODUCT_NAME = "$(TARGET_NAME)";
			};
			name = Release;
		};
/* End XCBuildConfiguration section */

/* Begin XCConfigurationList section */
		A79C97AC1CFC97910039F77A /* Build configuration list for PBXProject "FaceIt" */ = {
			isa = XCConfigurationList;
			buildConfigurations = (
				A79C97C11CFC97910039F77A /* Debug */,
				A79C97C21CFC97910039F77A /* Release */,
			);
			defaultConfigurationIsVisible = 0;
			defaultConfigurationName = Release;
		};
		A79C97C31CFC97910039F77A /* Build configuration list for PBXNativeTarget "FaceIt" */ = {
			isa = XCConfigurationList;
			buildConfigurations = (
				A79C97C41CFC97910039F77A /* Debug */,
				A79C97C51CFC97910039F77A /* Release */,
			);
			defaultConfigurationIsVisible = 0;
			defaultConfigurationName = Release;
		};
/* End XCConfigurationList section */
	};
	rootObject = A79C97A91CFC97910039F77A /* Project object */;
}
